
Microsoft Visual Studio Solution File, Format Version 12.00
# Visual Studio 14
VisualStudioVersion = 14.0.23107.0
MinimumVisualStudioVersion = 10.0.40219.1
Project("{FAE04EC0-301F-11D3-BF4B-00C04F79EFBC}") = "KPIWebAPI", "KPIWebAPI\KPIWebAPI.csproj", "{393EE3A7-9211-46C4-9DEF-0174857FA66A}"
EndProject
Project("{FAE04EC0-301F-11D3-BF4B-00C04F79EFBC}") = "XKPI.Models", "KPIWebApi.Models\XKPI.Models.csproj", "{153C162C-20BD-404C-8A6B-1BDDA63598DA}"
EndProject
Project("{FAE04EC0-301F-11D3-BF4B-00C04F79EFBC}") = "XKPI.ViewModels", "KPIWebApi.ViewModels\XKPI.ViewModels.csproj", "{5961A3A1-7FB1-46E6-9B29-926CC9A591BE}"
EndProject
Project("{FAE04EC0-301F-11D3-BF4B-00C04F79EFBC}") = "XKPI.Utils", "KPIWebApi.Utils\XKPI.Utils.csproj", "{B92B2FDB-2880-4B76-9FA3-3F41CB9BAEBF}"
EndProject
Global
	GlobalSection(SolutionConfigurationPlatforms) = preSolution
		Debug|Any CPU = Debug|Any CPU
		Release|Any CPU = Release|Any CPU
	EndGlobalSection
	GlobalSection(ProjectConfigurationPlatforms) = postSolution
		{393EE3A7-9211-46C4-9DEF-0174857FA66A}.Debug|Any CPU.ActiveCfg = Debug|Any CPU
		{393EE3A7-9211-46C4-9DEF-0174857FA66A}.Debug|Any CPU.Build.0 = Debug|Any CPU
		{393EE3A7-9211-46C4-9DEF-0174857FA66A}.Release|Any CPU.ActiveCfg = Release|Any CPU
		{393EE3A7-9211-46C4-9DEF-0174857FA66A}.Release|Any CPU.Build.0 = Release|Any CPU
		{153C162C-20BD-404C-8A6B-1BDDA63598DA}.Debug|Any CPU.ActiveCfg = Debug|Any CPU
		{153C162C-20BD-404C-8A6B-1BDDA63598DA}.Debug|Any CPU.Build.0 = Debug|Any CPU
		{153C162C-20BD-404C-8A6B-1BDDA63598DA}.Release|Any CPU.ActiveCfg = Release|Any CPU
		{153C162C-20BD-404C-8A6B-1BDDA63598DA}.Release|Any CPU.Build.0 = Release|Any CPU
		{5961A3A1-7FB1-46E6-9B29-926CC9A591BE}.Debug|Any CPU.ActiveCfg = Debug|Any CPU
		{5961A3A1-7FB1-46E6-9B29-926CC9A591BE}.Debug|Any CPU.Build.0 = Debug|Any CPU
		{5961A3A1-7FB1-46E6-9B29-926CC9A591BE}.Release|Any CPU.ActiveCfg = Release|Any CPU
		{5961A3A1-7FB1-46E6-9B29-926CC9A591BE}.Release|Any CPU.Build.0 = Release|Any CPU
		{B92B2FDB-2880-4B76-9FA3-3F41CB9BAEBF}.Debug|Any CPU.ActiveCfg = Debug|Any CPU
		{B92B2FDB-2880-4B76-9FA3-3F41CB9BAEBF}.Debug|Any CPU.Build.0 = Debug|Any CPU
		{B92B2FDB-2880-4B76-9FA3-3F41CB9BAEBF}.Release|Any CPU.ActiveCfg = Release|Any CPU
		{B92B2FDB-2880-4B76-9FA3-3F41CB9BAEBF}.Release|Any CPU.Build.0 = Release|Any CPU
	EndGlobalSection
	GlobalSection(SolutionProperties) = preSolution
		HideSolutionNode = FALSE
	EndGlobalSection
EndGlobal
